
Microsoft Visual Studio Solution File, Format Version 12.00
# Visual Studio Version 17
VisualStudioVersion = 17.4.33122.133
MinimumVisualStudioVersion = 10.0.40219.1
Project("{FAE04EC0-301F-11D3-BF4B-00C04F79EFBC}") = "SecureBudget.Server", "Server\SecureBudget.Server.csproj", "{C3D3A450-6F28-45A2-8F62-2A53A8E63FF5}"
EndProject
Project("{FAE04EC0-301F-11D3-BF4B-00C04F79EFBC}") = "SecureBudget.Client", "Client\SecureBudget.Client.csproj", "{05C5DBDE-A842-45B3-A2DD-978B0210614B}"
EndProject
Project("{FAE04EC0-301F-11D3-BF4B-00C04F79EFBC}") = "SecureBudget.Shared", "Shared\SecureBudget.Shared.csproj", "{65348EEC-52C8-478C-A7E7-EDE6809823C4}"
EndProject
Global
	GlobalSection(SolutionConfigurationPlatforms) = preSolution
		Debug|Any CPU = Debug|Any CPU
		Release|Any CPU = Release|Any CPU
	EndGlobalSection
	GlobalSection(ProjectConfigurationPlatforms) = postSolution
		{C3D3A450-6F28-45A2-8F62-2A53A8E63FF5}.Debug|Any CPU.ActiveCfg = Debug|Any CPU
		{C3D3A450-6F28-45A2-8F62-2A53A8E63FF5}.Debug|Any CPU.Build.0 = Debug|Any CPU
		{C3D3A450-6F28-45A2-8F62-2A53A8E63FF5}.Release|Any CPU.ActiveCfg = Release|Any CPU
		{C3D3A450-6F28-45A2-8F62-2A53A8E63FF5}.Release|Any CPU.Build.0 = Release|Any CPU
		{05C5DBDE-A842-45B3-A2DD-978B0210614B}.Debug|Any CPU.ActiveCfg = Debug|Any CPU
		{05C5DBDE-A842-45B3-A2DD-978B0210614B}.Debug|Any CPU.Build.0 = Debug|Any CPU
		{05C5DBDE-A842-45B3-A2DD-978B0210614B}.Release|Any CPU.ActiveCfg = Release|Any CPU
		{05C5DBDE-A842-45B3-A2DD-978B0210614B}.Release|Any CPU.Build.0 = Release|Any CPU
		{65348EEC-52C8-478C-A7E7-EDE6809823C4}.Debug|Any CPU.ActiveCfg = Debug|Any CPU
		{65348EEC-52C8-478C-A7E7-EDE6809823C4}.Debug|Any CPU.Build.0 = Debug|Any CPU
		{65348EEC-52C8-478C-A7E7-EDE6809823C4}.Release|Any CPU.ActiveCfg = Release|Any CPU
		{65348EEC-52C8-478C-A7E7-EDE6809823C4}.Release|Any CPU.Build.0 = Release|Any CPU
	EndGlobalSection
	GlobalSection(SolutionProperties) = preSolution
		HideSolutionNode = FALSE
	EndGlobalSection
	GlobalSection(ExtensibilityGlobals) = postSolution
		SolutionGuid = {FAA71AA2-34D4-453C-8A81-B20DAED10963}
	EndGlobalSection
EndGlobal
